
Microsoft Visual Studio Solution File, Format Version 12.00
# Visual Studio 14
VisualStudioVersion = 14.0.25420.1
MinimumVisualStudioVersion = 10.0.40219.1
Project("{FAE04EC0-301F-11D3-BF4B-00C04F79EFBC}") = "Proyecto STI", "Proyecto STI\Proyecto STI.csproj", "{40D13DB2-1723-419B-9EB0-31A2688BA9FC}"
EndProject
Project("{54435603-DBB4-11D2-8724-00A0C9A8B90C}") = "WebSetupSTI", "WebSetupSTI\WebSetupSTI.vdproj", "{878FFFB9-5E83-4BC4-B95D-E2F09492FBA7}"
EndProject
Global
	GlobalSection(SolutionConfigurationPlatforms) = preSolution
		Debug|Any CPU = Debug|Any CPU
		Release|Any CPU = Release|Any CPU
	EndGlobalSection
	GlobalSection(ProjectConfigurationPlatforms) = postSolution
		{40D13DB2-1723-419B-9EB0-31A2688BA9FC}.Debug|Any CPU.ActiveCfg = Debug|Any CPU
		{40D13DB2-1723-419B-9EB0-31A2688BA9FC}.Debug|Any CPU.Build.0 = Debug|Any CPU
		{40D13DB2-1723-419B-9EB0-31A2688BA9FC}.Release|Any CPU.ActiveCfg = Release|Any CPU
		{40D13DB2-1723-419B-9EB0-31A2688BA9FC}.Release|Any CPU.Build.0 = Release|Any CPU
		{878FFFB9-5E83-4BC4-B95D-E2F09492FBA7}.Debug|Any CPU.ActiveCfg = Debug
		{878FFFB9-5E83-4BC4-B95D-E2F09492FBA7}.Debug|Any CPU.Build.0 = Debug
		{878FFFB9-5E83-4BC4-B95D-E2F09492FBA7}.Release|Any CPU.ActiveCfg = Release
	EndGlobalSection
	GlobalSection(SolutionProperties) = preSolution
		HideSolutionNode = FALSE
	EndGlobalSection
EndGlobal
